
Microsoft Visual Studio Solution File, Format Version 12.00
# Visual Studio 15
VisualStudioVersion = 15.0.28307.572
MinimumVisualStudioVersion = 10.0.40219.1
Project("{9A19103F-16F7-4668-BE54-9A1E7A4F7556}") = "HackerNews.Reader", "HackerNews.Reader\HackerNews.Reader.csproj", "{C8FD8EDE-573E-4CA0-BC4D-03B5A9E61B6C}"
EndProject
Project("{FAE04EC0-301F-11D3-BF4B-00C04F79EFBC}") = "HackerNews.Scraper.Test", "HackerNews.Reader.Test\HackerNews.Scraper.Test.csproj", "{9C1E3B7D-475D-4505-A0FF-45AC4B3D4CEA}"
EndProject
Global
	GlobalSection(SolutionConfigurationPlatforms) = preSolution
		Debug|Any CPU = Debug|Any CPU
		Release|Any CPU = Release|Any CPU
	EndGlobalSection
	GlobalSection(ProjectConfigurationPlatforms) = postSolution
		{C8FD8EDE-573E-4CA0-BC4D-03B5A9E61B6C}.Debug|Any CPU.ActiveCfg = Debug|Any CPU
		{C8FD8EDE-573E-4CA0-BC4D-03B5A9E61B6C}.Debug|Any CPU.Build.0 = Debug|Any CPU
		{C8FD8EDE-573E-4CA0-BC4D-03B5A9E61B6C}.Release|Any CPU.ActiveCfg = Release|Any CPU
		{C8FD8EDE-573E-4CA0-BC4D-03B5A9E61B6C}.Release|Any CPU.Build.0 = Release|Any CPU
		{9C1E3B7D-475D-4505-A0FF-45AC4B3D4CEA}.Debug|Any CPU.ActiveCfg = Debug|Any CPU
		{9C1E3B7D-475D-4505-A0FF-45AC4B3D4CEA}.Debug|Any CPU.Build.0 = Debug|Any CPU
		{9C1E3B7D-475D-4505-A0FF-45AC4B3D4CEA}.Release|Any CPU.ActiveCfg = Release|Any CPU
		{9C1E3B7D-475D-4505-A0FF-45AC4B3D4CEA}.Release|Any CPU.Build.0 = Release|Any CPU
	EndGlobalSection
	GlobalSection(SolutionProperties) = preSolution
		HideSolutionNode = FALSE
	EndGlobalSection
	GlobalSection(ExtensibilityGlobals) = postSolution
		SolutionGuid = {40205B75-F517-4B76-AFA7-63E67305ECD6}
	EndGlobalSection
EndGlobal
